Microsoft Visual Studio Solution File, Format Version 12.00
# Visual Studio Version 16
VisualStudioVersion = 16.0.29613.14
MinimumVisualStudioVersion = 10.0.40219.1
Project("{9A19103F-16F7-4668-BE54-9A1E7A4F7556}") = "Noggog.CSharpExt", "Noggog.CSharpExt\Noggog.CSharpExt.csproj", "{98276D52-73FD-4B37-BDBE-1C692F7D6C8D}"
EndProject
Project("{9A19103F-16F7-4668-BE54-9A1E7A4F7556}") = "Noggog.WPF", "Noggog.WPF\Noggog.WPF.csproj", "{82BC375D-29E2-46D6-9A04-452BAB77C864}"
EndProject
Project("{9A19103F-16F7-4668-BE54-9A1E7A4F7556}") = "CSharpExt.UnitTests", "CSharpExt.UnitTests\CSharpExt.UnitTests.csproj", "{A71490D1-4694-44E9-BEA6-93802FAB4975}"
EndProject
Project("{9A19103F-16F7-4668-BE54-9A1E7A4F7556}") = "CSharpExt.Benchmark", "CSharpExt.Benchmark\CSharpExt.Benchmark.csproj", "{4AF8BA72-661C-4B9F-A1DF-C849D78B0225}"
EndProject
Project("{2150E333-8FDC-42A3-9474-1A3956D46DE8}") = "Solution Items", "Solution Items", "{9B06BF94-CE70-4811-9A9B-3BAB1581FDF5}"
	ProjectSection(SolutionItems) = preProject
		.editorconfig = .editorconfig
		Directory.Build.props = Directory.Build.props
	EndProjectSection
EndProject
Global
	GlobalSection(SolutionConfigurationPlatforms) = preSolution
		Debug|Any CPU = Debug|Any CPU
		Release|Any CPU = Release|Any CPU
	EndGlobalSection
	GlobalSection(ProjectConfigurationPlatforms) = postSolution
		{98276D52-73FD-4B37-BDBE-1C692F7D6C8D}.Debug|Any CPU.ActiveCfg = Debug|Any CPU
		{98276D52-73FD-4B37-BDBE-1C692F7D6C8D}.Debug|Any CPU.Build.0 = Debug|Any CPU
		{98276D52-73FD-4B37-BDBE-1C692F7D6C8D}.Release|Any CPU.ActiveCfg = Release|Any CPU
		{98276D52-73FD-4B37-BDBE-1C692F7D6C8D}.Release|Any CPU.Build.0 = Release|Any CPU
		{82BC375D-29E2-46D6-9A04-452BAB77C864}.Debug|Any CPU.ActiveCfg = Debug|Any CPU
		{82BC375D-29E2-46D6-9A04-452BAB77C864}.Debug|Any CPU.Build.0 = Debug|Any CPU
		{82BC375D-29E2-46D6-9A04-452BAB77C864}.Release|Any CPU.ActiveCfg = Release|Any CPU
		{82BC375D-29E2-46D6-9A04-452BAB77C864}.Release|Any CPU.Build.0 = Release|Any CPU
		{A71490D1-4694-44E9-BEA6-93802FAB4975}.Debug|Any CPU.ActiveCfg = Debug|Any CPU
		{A71490D1-4694-44E9-BEA6-93802FAB4975}.Debug|Any CPU.Build.0 = Debug|Any CPU
		{A71490D1-4694-44E9-BEA6-93802FAB4975}.Release|Any CPU.ActiveCfg = Release|Any CPU
		{A71490D1-4694-44E9-BEA6-93802FAB4975}.Release|Any CPU.Build.0 = Release|Any CPU
		{4AF8BA72-661C-4B9F-A1DF-C849D78B0225}.Debug|Any CPU.ActiveCfg = Debug|Any CPU
		{4AF8BA72-661C-4B9F-A1DF-C849D78B0225}.Debug|Any CPU.Build.0 = Debug|Any CPU
		{4AF8BA72-661C-4B9F-A1DF-C849D78B0225}.Release|Any CPU.ActiveCfg = Release|Any CPU
		{4AF8BA72-661C-4B9F-A1DF-C849D78B0225}.Release|Any CPU.Build.0 = Release|Any CPU
	EndGlobalSection
	GlobalSection(SolutionProperties) = preSolution
		HideSolutionNode = FALSE
	EndGlobalSection
	GlobalSection(ExtensibilityGlobals) = postSolution
		SolutionGuid = {1BE0FEDD-D58D-448A-ABC4-412B678D33F8}
	EndGlobalSection
EndGlobal
